
Microsoft Visual Studio Solution File, Format Version 12.00
# Visual Studio Version 17
VisualStudioVersion = 17.11.35222.181
MinimumVisualStudioVersion = 10.0.40219.1
Project("{FAE04EC0-301F-11D3-BF4B-00C04F79EFBC}") = "AppPaiements", "AppPaiements\AppPaiements.csproj", "{FF5BFD96-249F-4215-AD82-E2A284B95D11}"
EndProject
Global
	GlobalSection(SolutionConfigurationPlatforms) = preSolution
		Debug|Any CPU = Debug|Any CPU
		Release|Any CPU = Release|Any CPU
	EndGlobalSection
	GlobalSection(ProjectConfigurationPlatforms) = postSolution
		{FF5BFD96-249F-4215-AD82-E2A284B95D11}.Debug|Any CPU.ActiveCfg = Debug|Any CPU
		{FF5BFD96-249F-4215-AD82-E2A284B95D11}.Debug|Any CPU.Build.0 = Debug|Any CPU
		{FF5BFD96-249F-4215-AD82-E2A284B95D11}.Release|Any CPU.ActiveCfg = Release|Any CPU
		{FF5BFD96-249F-4215-AD82-E2A284B95D11}.Release|Any CPU.Build.0 = Release|Any CPU
	EndGlobalSection
	GlobalSection(SolutionProperties) = preSolution
		HideSolutionNode = FALSE
	EndGlobalSection
	GlobalSection(ExtensibilityGlobals) = postSolution
		SolutionGuid = {319573E7-673F-4478-B11D-A11DD0877123}
	EndGlobalSection
EndGlobal
